{
  "name": "@bit/bit.envs.common.get-capsule-name",
  "version": "0.0.14",
  "lockfileVersion": 2,
  "requires": true,
  "packages": {
    "": {
      "name": "@bit/bit.envs.common.get-capsule-name",
      "version": "0.0.14",
      "license": "SEE LICENSE IN LICENSE",
      "devDependencies": {
        "@types/node": "^12.7.4"
      }
    },
    "node_modules/@types/node": {
      "version": "12.20.46",
      "resolved": "https://registry.npmjs.org/@types/node/-/node-12.20.46.tgz",
      "integrity": "sha512-cPjLXj8d6anFPzFvOPxS3fvly3Shm5nTfl6g8X5smexixbuGUf7hfr21J5tX9JW+UPStp/5P5R8qrKL5IyVJ+A==",
      "dev": true
    }
  },
  "dependencies": {
    "@types/node": {
      "version": "12.20.46",
      "resolved": "https://registry.npmjs.org/@types/node/-/node-12.20.46.tgz",
      "integrity": "sha512-cPjLXj8d6anFPzFvOPxS3fvly3Shm5nTfl6g8X5smexixbuGUf7hfr21J5tX9JW+UPStp/5P5R8qrKL5IyVJ+A==",
      "dev": true
    }
  }
}
