{
  "name": "@bit/bit.envs.common.create-workspace",
  "version": "0.0.12",
  "lockfileVersion": 2,
  "requires": true,
  "packages": {
    "": {
      "name": "@bit/bit.envs.common.create-workspace",
      "version": "0.0.12",
      "license": "SEE LICENSE IN LICENSE",
      "dependencies": {
        "mkdirp": "0.5.1"
      },
      "devDependencies": {
        "@types/node": "^12.7.4"
      }
    },
    "node_modules/@types/node": {
      "version": "12.20.46",
      "resolved": "https://registry.npmjs.org/@types/node/-/node-12.20.46.tgz",
      "integrity": "sha512-cPjLXj8d6anFPzFvOPxS3fvly3Shm5nTfl6g8X5smexixbuGUf7hfr21J5tX9JW+UPStp/5P5R8qrKL5IyVJ+A==",
      "dev": true
    },
    "node_modules/minimist": {
      "version": "0.0.8",
      "resolved": "https://registry.npmjs.org/minimist/-/minimist-0.0.8.tgz",
      "integrity": "sha1-hX/Kv8M5fSYluCKCYuhqp6ARsF0="
    },
    "node_modules/mkdirp": {
      "version": "0.5.1",
      "resolved": "https://registry.npmjs.org/mkdirp/-/mkdirp-0.5.1.tgz",
      "integrity": "sha1-MAV0OOrGz3+MR2fzhkjWaX11yQM=",
      "deprecated": "Legacy versions of mkdirp are no longer supported. Please update to mkdirp 1.x. (Note that the API surface has changed to use Promises in 1.x.)",
      "dependencies": {
        "minimist": "0.0.8"
      },
      "bin": {
        "mkdirp": "bin/cmd.js"
      }
    }
  },
  "dependencies": {
    "@types/node": {
      "version": "12.20.46",
      "resolved": "https://registry.npmjs.org/@types/node/-/node-12.20.46.tgz",
      "integrity": "sha512-cPjLXj8d6anFPzFvOPxS3fvly3Shm5nTfl6g8X5smexixbuGUf7hfr21J5tX9JW+UPStp/5P5R8qrKL5IyVJ+A==",
      "dev": true
    },
    "minimist": {
      "version": "0.0.8",
      "resolved": "https://registry.npmjs.org/minimist/-/minimist-0.0.8.tgz",
      "integrity": "sha1-hX/Kv8M5fSYluCKCYuhqp6ARsF0="
    },
    "mkdirp": {
      "version": "0.5.1",
      "resolved": "https://registry.npmjs.org/mkdirp/-/mkdirp-0.5.1.tgz",
      "integrity": "sha1-MAV0OOrGz3+MR2fzhkjWaX11yQM=",
      "requires": {
        "minimist": "0.0.8"
      }
    }
  }
}
